
Microsoft Visual Studio Solution File, Format Version 12.00
# Visual Studio Version 17
VisualStudioVersion = 17.2.32602.215
MinimumVisualStudioVersion = 10.0.40219.1
Project("{9A19103F-16F7-4668-BE54-9A1E7A4F7556}") = "webapi", "webapi.csproj", "{DFC049AC-2845-47A3-8DDA-A0A7B9E7B3F2}"
EndProject
Global
	GlobalSection(SolutionConfigurationPlatforms) = preSolution
		Debug|Any CPU = Debug|Any CPU
		Release|Any CPU = Release|Any CPU
	EndGlobalSection
	GlobalSection(ProjectConfigurationPlatforms) = postSolution
		{DFC049AC-2845-47A3-8DDA-A0A7B9E7B3F2}.Debug|Any CPU.ActiveCfg = Debug|Any CPU
		{DFC049AC-2845-47A3-8DDA-A0A7B9E7B3F2}.Debug|Any CPU.Build.0 = Debug|Any CPU
		{DFC049AC-2845-47A3-8DDA-A0A7B9E7B3F2}.Release|Any CPU.ActiveCfg = Release|Any CPU
		{DFC049AC-2845-47A3-8DDA-A0A7B9E7B3F2}.Release|Any CPU.Build.0 = Release|Any CPU
	EndGlobalSection
	GlobalSection(SolutionProperties) = preSolution
		HideSolutionNode = FALSE
	EndGlobalSection
	GlobalSection(ExtensibilityGlobals) = postSolution
		SolutionGuid = {6BA1D53B-2565-4918-BC85-93D8F86E607C}
	EndGlobalSection
EndGlobal
